<?xml version="1.0" encoding="utf-8"?>
<Project ToolsVersion="4.0" xmlns="http://schemas.microsoft.com/developer/msbuild/2003">
  <ItemGroup>
    <ClCompile Include="..\..\..\addons\TUIO\TUIO_CPP\TUIO\TuioClient.cpp">
      <Filter>Tuio</Filter>
    </ClCompile>
    <ClCompile Include="..\..\..\addons\TUIO\TUIO_CPP\TUIO\TuioServer.cpp">
      <Filter>Tuio</Filter>
    </ClCompile>
    <ClCompile Include="..\..\..\addons\TUIO\TUIO_CPP\TUIO\TuioTime.cpp">
      <Filter>Tuio</Filter>
    </ClCompile>
    <ClCompile Include="..\..\..\addons\TUIO\TUIO_CPP\oscpack\ip\IpEndpointName.cpp">
      <Filter>Tuio\oscpack\ip</Filter>
    </ClCompile>
    <ClCompile Include="..\..\..\addons\TUIO\TUIO_CPP\oscpack\ip\win32\NetworkingUtils.cpp">
      <Filter>Tuio\oscpack\ip</Filter>
    </ClCompile>
    <ClCompile Include="..\..\..\addons\TUIO\TUIO_CPP\oscpack\ip\win32\UdpSocket.cpp">
      <Filter>Tuio\oscpack\ip</Filter>
    </ClCompile>
    <ClCompile Include="..\..\..\addons\TUIO\TUIO_CPP\oscpack\osc\OscOutboundPacketStream.cpp">
      <Filter>Tuio\oscpack\osc</Filter>
    </ClCompile>
    <ClCompile Include="..\..\..\addons\TUIO\TUIO_CPP\oscpack\osc\OscPrintReceivedElements.cpp">
      <Filter>Tuio\oscpack\osc</Filter>
    </ClCompile>
    <ClCompile Include="..\..\..\addons\TUIO\TUIO_CPP\oscpack\osc\OscReceivedElements.cpp">
      <Filter>Tuio\oscpack\osc</Filter>
    </ClCompile>
    <ClCompile Include="..\..\..\addons\TUIO\TUIO_CPP\oscpack\osc\OscTypes.cpp">
      <Filter>Tuio\oscpack\osc</Filter>
    </ClCompile>
    <ClCompile Include="..\..\..\addons\ofxTuioWrapper\ofxTuioWrapper-master\src\ofxTuioClient.cpp">
      <Filter>ofxTuioClient</Filter>
    </ClCompile>
    <ClCompile Include="src\main.cpp">
      <Filter>src</Filter>
    </ClCompile>
    <ClCompile Include="src\testApp.cpp">
      <Filter>src</Filter>
    </ClCompile>
  </ItemGroup>
  <ItemGroup>
    <Filter Include="src">
      <UniqueIdentifier>{d8376475-7454-4a24-b08a-aac121d3ad6f}</UniqueIdentifier>
    </Filter>
    <Filter Include="Tuio">
      <UniqueIdentifier>{e093a417-4831-4d11-aea4-5ffb7b171873}</UniqueIdentifier>
    </Filter>
    <Filter Include="Tuio\oscpack">
      <UniqueIdentifier>{52134523-fb0a-4d4a-ae6a-91f7a9445c32}</UniqueIdentifier>
    </Filter>
    <Filter Include="Tuio\oscpack\ip">
      <UniqueIdentifier>{203cd115-f967-454f-87ff-507cc70d8ff8}</UniqueIdentifier>
    </Filter>
    <Filter Include="Tuio\oscpack\osc">
      <UniqueIdentifier>{30d12a19-9b4c-4d01-bd90-3ea76a9500a5}</UniqueIdentifier>
    </Filter>
    <Filter Include="ofxTuioClient">
      <UniqueIdentifier>{18135dd2-de9a-41e4-a6d1-1129d61d124b}</UniqueIdentifier>
    </Filter>
  </ItemGroup>
  <ItemGroup>
    <ClInclude Include="..\..\..\addons\TUIO\TUIO_CPP\TUIO\TuioClient.h">
      <Filter>Tuio</Filter>
    </ClInclude>
    <ClInclude Include="..\..\..\addons\TUIO\TUIO_CPP\TUIO\TuioContainer.h">
      <Filter>Tuio</Filter>
    </ClInclude>
    <ClInclude Include="..\..\..\addons\TUIO\TUIO_CPP\TUIO\TuioCursor.h">
      <Filter>Tuio</Filter>
    </ClInclude>
    <ClInclude Include="..\..\..\addons\TUIO\TUIO_CPP\TUIO\TuioListener.h">
      <Filter>Tuio</Filter>
    </ClInclude>
    <ClInclude Include="..\..\..\addons\TUIO\TUIO_CPP\TUIO\TuioObject.h">
      <Filter>Tuio</Filter>
    </ClInclude>
    <ClInclude Include="..\..\..\addons\TUIO\TUIO_CPP\TUIO\TuioPoint.h">
      <Filter>Tuio</Filter>
    </ClInclude>
    <ClInclude Include="..\..\..\addons\TUIO\TUIO_CPP\TUIO\TuioServer.h">
      <Filter>Tuio</Filter>
    </ClInclude>
    <ClInclude Include="..\..\..\addons\TUIO\TUIO_CPP\TUIO\TuioTime.h">
      <Filter>Tuio</Filter>
    </ClInclude>
    <ClInclude Include="..\..\..\addons\TUIO\TUIO_CPP\oscpack\ip\IpEndpointName.h">
      <Filter>Tuio\oscpack\ip</Filter>
    </ClInclude>
    <ClInclude Include="..\..\..\addons\TUIO\TUIO_CPP\oscpack\ip\NetworkingUtils.h">
      <Filter>Tuio\oscpack\ip</Filter>
    </ClInclude>
    <ClInclude Include="..\..\..\addons\TUIO\TUIO_CPP\oscpack\ip\PacketListener.h">
      <Filter>Tuio\oscpack\ip</Filter>
    </ClInclude>
    <ClInclude Include="..\..\..\addons\TUIO\TUIO_CPP\oscpack\ip\TimerListener.h">
      <Filter>Tuio\oscpack\ip</Filter>
    </ClInclude>
    <ClInclude Include="..\..\..\addons\TUIO\TUIO_CPP\oscpack\ip\UdpSocket.h">
      <Filter>Tuio\oscpack\ip</Filter>
    </ClInclude>
    <ClInclude Include="..\..\..\addons\TUIO\TUIO_CPP\oscpack\osc\MessageMappingOscPacketListener.h">
      <Filter>Tuio\oscpack\osc</Filter>
    </ClInclude>
    <ClInclude Include="..\..\..\addons\TUIO\TUIO_CPP\oscpack\osc\OscException.h">
      <Filter>Tuio\oscpack\osc</Filter>
    </ClInclude>
    <ClInclude Include="..\..\..\addons\TUIO\TUIO_CPP\oscpack\osc\OscHostEndianness.h">
      <Filter>Tuio\oscpack\osc</Filter>
    </ClInclude>
    <ClInclude Include="..\..\..\addons\TUIO\TUIO_CPP\oscpack\osc\OscOutboundPacketStream.h">
      <Filter>Tuio\oscpack\osc</Filter>
    </ClInclude>
    <ClInclude Include="..\..\..\addons\TUIO\TUIO_CPP\oscpack\osc\OscPacketListener.h">
      <Filter>Tuio\oscpack\osc</Filter>
    </ClInclude>
    <ClInclude Include="..\..\..\addons\TUIO\TUIO_CPP\oscpack\osc\OscPrintReceivedElements.h">
      <Filter>Tuio\oscpack\osc</Filter>
    </ClInclude>
    <ClInclude Include="..\..\..\addons\TUIO\TUIO_CPP\oscpack\osc\OscReceivedElements.h">
      <Filter>Tuio\oscpack\osc</Filter>
    </ClInclude>
    <ClInclude Include="..\..\..\addons\TUIO\TUIO_CPP\oscpack\osc\OscTypes.h">
      <Filter>Tuio\oscpack\osc</Filter>
    </ClInclude>
    <ClInclude Include="..\..\..\addons\ofxTuioWrapper\ofxTuioWrapper-master\src\ofxTuioClient.h">
      <Filter>ofxTuioClient</Filter>
    </ClInclude>
    <ClInclude Include="src\testApp.h">
      <Filter>src</Filter>
    </ClInclude>
  </ItemGroup>
  <ItemGroup>
    <ResourceCompile Include="icon.rc" />
  </ItemGroup>
</Project>